// !$*UTF8*$!
{
	archiveVersion = 1;
	classes = {
	};
	objectVersion = 56;
	objects = {

/* Begin PBXBuildFile section */
		2569BBA12976DB2400847AB3 /* AppDelegate.swift in Sources */ = {isa = PBXBuildFile; fileRef = 2569BBA02976DB2400847AB3 /* AppDelegate.swift */; };
		2569BBAB2976DB2400847AB3 /* GameProject.xcdatamodeld in Sources */ = {isa = PBXBuildFile; fileRef = 2569BBA92976DB2400847AB3 /* GameProject.xcdatamodeld */; };
		2569BBAD2976DB2600847AB3 /* Assets.xcassets in Resources */ = {isa = PBXBuildFile; fileRef = 2569BBAC2976DB2600847AB3 /* Assets.xcassets */; };
		2569BBB02976DB2600847AB3 /* LaunchScreen.storyboard in Resources */ = {isa = PBXBuildFile; fileRef = 2569BBAE2976DB2600847AB3 /* LaunchScreen.storyboard */; };
		2569BBB92976E00300847AB3 /* ListViewModel.swift in Sources */ = {isa = PBXBuildFile; fileRef = 2569BBB82976E00300847AB3 /* ListViewModel.swift */; };
		2569BBBE2976E8E700847AB3 /* GameModel.swift in Sources */ = {isa = PBXBuildFile; fileRef = 2569BBBD2976E8E700847AB3 /* GameModel.swift */; };
		25CBE1E7297C378B002FFDD3 /* TabBar.swift in Sources */ = {isa = PBXBuildFile; fileRef = 25CBE1E6297C378B002FFDD3 /* TabBar.swift */; };
		25CBE1E9297C3966002FFDD3 /* TabBarItems.swift in Sources */ = {isa = PBXBuildFile; fileRef = 25CBE1E8297C3965002FFDD3 /* TabBarItems.swift */; };
		25CBE1EB297C41E3002FFDD3 /* Colors.swift in Sources */ = {isa = PBXBuildFile; fileRef = 25CBE1EA297C41E3002FFDD3 /* Colors.swift */; };
		25CD78572978383A00721955 /* CellView.swift in Sources */ = {isa = PBXBuildFile; fileRef = 25CD78562978383A00721955 /* CellView.swift */; };
		25CD785A29784BC200721955 /* UIImageViewExtension.swift in Sources */ = {isa = PBXBuildFile; fileRef = 25CD785929784BC200721955 /* UIImageViewExtension.swift */; };
		25CD785C29784C0300721955 /* ListView.swift in Sources */ = {isa = PBXBuildFile; fileRef = 25CD785B29784C0300721955 /* ListView.swift */; };
		25CD785F29784EE400721955 /* ListViewController.swift in Sources */ = {isa = PBXBuildFile; fileRef = 25CD785E29784EE400721955 /* ListViewController.swift */; };
/* End PBXBuildFile section */

/* Begin PBXFileReference section */
		2569BB9D2976DB2400847AB3 /* GameProject.app */ = {isa = PBXFileReference; explicitFileType = wrapper.application; includeInIndex = 0; path = GameProject.app; sourceTree = BUILT_PRODUCTS_DIR; };
		2569BBA02976DB2400847AB3 /* AppDelegate.swift */ = {isa = PBXFileReference; lastKnownFileType = sourcecode.swift; path = AppDelegate.swift; sourceTree = "<group>"; };
		2569BBAA2976DB2400847AB3 /* GameProject.xcdatamodel */ = {isa = PBXFileReference; lastKnownFileType = wrapper.xcdatamodel; path = GameProject.xcdatamodel; sourceTree = "<group>"; };
		2569BBAC2976DB2600847AB3 /* Assets.xcassets */ = {isa = PBXFileReference; lastKnownFileType = folder.assetcatalog; path = Assets.xcassets; sourceTree = "<group>"; };
		2569BBAF2976DB2600847AB3 /* Base */ = {isa = PBXFileReference; lastKnownFileType = file.storyboard; name = Base; path = Base.lproj/LaunchScreen.storyboard; sourceTree = "<group>"; };
		2569BBB12976DB2600847AB3 /* Info.plist */ = {isa = PBXFileReference; lastKnownFileType = text.plist.xml; path = Info.plist; sourceTree = "<group>"; };
		2569BBB82976E00300847AB3 /* ListViewModel.swift */ = {isa = PBXFileReference; lastKnownFileType = sourcecode.swift; path = ListViewModel.swift; sourceTree = "<group>"; };
		2569BBBD2976E8E700847AB3 /* GameModel.swift */ = {isa = PBXFileReference; lastKnownFileType = sourcecode.swift; path = GameModel.swift; sourceTree = "<group>"; };
		25CBE1E6297C378B002FFDD3 /* TabBar.swift */ = {isa = PBXFileReference; lastKnownFileType = sourcecode.swift; path = TabBar.swift; sourceTree = "<group>"; };
		25CBE1E8297C3965002FFDD3 /* TabBarItems.swift */ = {isa = PBXFileReference; lastKnownFileType = sourcecode.swift; path = TabBarItems.swift; sourceTree = "<group>"; };
		25CBE1EA297C41E3002FFDD3 /* Colors.swift */ = {isa = PBXFileReference; lastKnownFileType = sourcecode.swift; path = Colors.swift; sourceTree = "<group>"; };
		25CD78562978383A00721955 /* CellView.swift */ = {isa = PBXFileReference; lastKnownFileType = sourcecode.swift; path = CellView.swift; sourceTree = "<group>"; };
		25CD785929784BC200721955 /* UIImageViewExtension.swift */ = {isa = PBXFileReference; lastKnownFileType = sourcecode.swift; path = UIImageViewExtension.swift; sourceTree = "<group>"; };
		25CD785B29784C0300721955 /* ListView.swift */ = {isa = PBXFileReference; lastKnownFileType = sourcecode.swift; path = ListView.swift; sourceTree = "<group>"; };
		25CD785E29784EE400721955 /* ListViewController.swift */ = {isa = PBXFileReference; lastKnownFileType = sourcecode.swift; path = ListViewController.swift; sourceTree = "<group>"; };
/* End PBXFileReference section */

/* Begin PBXFrameworksBuildPhase section */
		2569BB9A2976DB2400847AB3 /* Frameworks */ = {
			isa = PBXFrameworksBuildPhase;
			buildActionMask = 2147483647;
			files = (
			);
			runOnlyForDeploymentPostprocessing = 0;
		};
/* End PBXFrameworksBuildPhase section */

/* Begin PBXGroup section */
		2569BB942976DB2400847AB3 = {
			isa = PBXGroup;
			children = (
				2569BB9F2976DB2400847AB3 /* GameProject */,
				2569BB9E2976DB2400847AB3 /* Products */,
			);
			sourceTree = "<group>";
		};
		2569BB9E2976DB2400847AB3 /* Products */ = {
			isa = PBXGroup;
			children = (
				2569BB9D2976DB2400847AB3 /* GameProject.app */,
			);
			name = Products;
			sourceTree = "<group>";
		};
		2569BB9F2976DB2400847AB3 /* GameProject */ = {
			isa = PBXGroup;
			children = (
				25CBE1E5297C3762002FFDD3 /* CustomViews */,
				25CD785829784BB000721955 /* Extensions */,
				25CD78542978272A00721955 /* Screens */,
				2569BBB72976DF9B00847AB3 /* Network */,
				2569BBA02976DB2400847AB3 /* AppDelegate.swift */,
				2569BBAC2976DB2600847AB3 /* Assets.xcassets */,
				2569BBAE2976DB2600847AB3 /* LaunchScreen.storyboard */,
				2569BBB12976DB2600847AB3 /* Info.plist */,
				2569BBA92976DB2400847AB3 /* GameProject.xcdatamodeld */,
			);
			path = GameProject;
			sourceTree = "<group>";
		};
		2569BBB72976DF9B00847AB3 /* Network */ = {
			isa = PBXGroup;
			children = (
				25CD785D29784EB800721955 /* Models */,
			);
			path = Network;
			sourceTree = "<group>";
		};
		25CBE1E5297C3762002FFDD3 /* CustomViews */ = {
			isa = PBXGroup;
			children = (
				25CBE1E6297C378B002FFDD3 /* TabBar.swift */,
				25CBE1E8297C3965002FFDD3 /* TabBarItems.swift */,
			);
			path = CustomViews;
			sourceTree = "<group>";
		};
		25CD78542978272A00721955 /* Screens */ = {
			isa = PBXGroup;
			children = (
				25CD78552978273300721955 /* List */,
			);
			path = Screens;
			sourceTree = "<group>";
		};
		25CD78552978273300721955 /* List */ = {
			isa = PBXGroup;
			children = (
				25CD78562978383A00721955 /* CellView.swift */,
				25CD785B29784C0300721955 /* ListView.swift */,
				25CD785E29784EE400721955 /* ListViewController.swift */,
				2569BBB82976E00300847AB3 /* ListViewModel.swift */,
			);
			path = List;
			sourceTree = "<group>";
		};
		25CD785829784BB000721955 /* Extensions */ = {
			isa = PBXGroup;
			children = (
				25CD785929784BC200721955 /* UIImageViewExtension.swift */,
				25CBE1EA297C41E3002FFDD3 /* Colors.swift */,
			);
			path = Extensions;
			sourceTree = "<group>";
		};
		25CD785D29784EB800721955 /* Models */ = {
			isa = PBXGroup;
			children = (
				2569BBBD2976E8E700847AB3 /* GameModel.swift */,
			);
			path = Models;
			sourceTree = "<group>";
		};
/* End PBXGroup section */

/* Begin PBXNativeTarget section */
		2569BB9C2976DB2400847AB3 /* GameProject */ = {
			isa = PBXNativeTarget;
			buildConfigurationList = 2569BBB42976DB2600847AB3 /* Build configuration list for PBXNativeTarget "GameProject" */;
			buildPhases = (
				2569BB992976DB2400847AB3 /* Sources */,
				2569BB9A2976DB2400847AB3 /* Frameworks */,
				2569BB9B2976DB2400847AB3 /* Resources */,
			);
			buildRules = (
			);
			dependencies = (
			);
			name = GameProject;
			packageProductDependencies = (
			);
			productName = GameProject;
			productReference = 2569BB9D2976DB2400847AB3 /* GameProject.app */;
			productType = "com.apple.product-type.application";
		};
/* End PBXNativeTarget section */

/* Begin PBXProject section */
		2569BB952976DB2400847AB3 /* Project object */ = {
			isa = PBXProject;
			attributes = {
				BuildIndependentTargetsInParallel = 1;
				LastSwiftUpdateCheck = 1400;
				LastUpgradeCheck = 1400;
				TargetAttributes = {
					2569BB9C2976DB2400847AB3 = {
						CreatedOnToolsVersion = 14.0.1;
					};
				};
			};
			buildConfigurationList = 2569BB982976DB2400847AB3 /* Build configuration list for PBXProject "GameProject" */;
			compatibilityVersion = "Xcode 14.0";
			developmentRegion = en;
			hasScannedForEncodings = 0;
			knownRegions = (
				en,
				Base,
			);
			mainGroup = 2569BB942976DB2400847AB3;
			packageReferences = (
			);
			productRefGroup = 2569BB9E2976DB2400847AB3 /* Products */;
			projectDirPath = "";
			projectRoot = "";
			targets = (
				2569BB9C2976DB2400847AB3 /* GameProject */,
			);
		};
/* End PBXProject section */

/* Begin PBXResourcesBuildPhase section */
		2569BB9B2976DB2400847AB3 /* Resources */ = {
			isa = PBXResourcesBuildPhase;
			buildActionMask = 2147483647;
			files = (
				2569BBB02976DB2600847AB3 /* LaunchScreen.storyboard in Resources */,
				2569BBAD2976DB2600847AB3 /* Assets.xcassets in Resources */,
			);
			runOnlyForDeploymentPostprocessing = 0;
		};
/* End PBXResourcesBuildPhase section */

/* Begin PBXSourcesBuildPhase section */
		2569BB992976DB2400847AB3 /* Sources */ = {
			isa = PBXSourcesBuildPhase;
			buildActionMask = 2147483647;
			files = (
				25CBE1E7297C378B002FFDD3 /* TabBar.swift in Sources */,
				25CBE1EB297C41E3002FFDD3 /* Colors.swift in Sources */,
				2569BBAB2976DB2400847AB3 /* GameProject.xcdatamodeld in Sources */,
				25CBE1E9297C3966002FFDD3 /* TabBarItems.swift in Sources */,
				2569BBA12976DB2400847AB3 /* AppDelegate.swift in Sources */,
				2569BBB92976E00300847AB3 /* ListViewModel.swift in Sources */,
				2569BBBE2976E8E700847AB3 /* GameModel.swift in Sources */,
				25CD785A29784BC200721955 /* UIImageViewExtension.swift in Sources */,
				25CD78572978383A00721955 /* CellView.swift in Sources */,
				25CD785F29784EE400721955 /* ListViewController.swift in Sources */,
				25CD785C29784C0300721955 /* ListView.swift in Sources */,
			);
			runOnlyForDeploymentPostprocessing = 0;
		};
/* End PBXSourcesBuildPhase section */

/* Begin PBXVariantGroup section */
		2569BBAE2976DB2600847AB3 /* LaunchScreen.storyboard */ = {
			isa = PBXVariantGroup;
			children = (
				2569BBAF2976DB2600847AB3 /* Base */,
			);
			name = LaunchScreen.storyboard;
			sourceTree = "<group>";
		};
/* End PBXVariantGroup section */

/* Begin XCBuildConfiguration section */
		2569BBB22976DB2600847AB3 /* Debug */ = {
			isa = XCBuildConfiguration;
			buildSettings = {
				ALWAYS_SEARCH_USER_PATHS = NO;
				CLANG_ANALYZER_NONNULL = YES;
				CLANG_ANALYZER_NUMBER_OBJECT_CONVERSION = YES_AGGRESSIVE;
				CLANG_CXX_LANGUAGE_STANDARD = "gnu++20";
				CLANG_ENABLE_MODULES = YES;
				CLANG_ENABLE_OBJC_ARC = YES;
				CLANG_ENABLE_OBJC_WEAK = YES;
				CLANG_WARN_BLOCK_CAPTURE_AUTORELEASING = YES;
				CLANG_WARN_BOOL_CONVERSION = YES;
				CLANG_WARN_COMMA = YES;
				CLANG_WARN_CONSTANT_CONVERSION = YES;
				CLANG_WARN_DEPRECATED_OBJC_IMPLEMENTATIONS = YES;
				CLANG_WARN_DIRECT_OBJC_ISA_USAGE = YES_ERROR;
				CLANG_WARN_DOCUMENTATION_COMMENTS = YES;
				CLANG_WARN_EMPTY_BODY = YES;
				CLANG_WARN_ENUM_CONVERSION = YES;
				CLANG_WARN_INFINITE_RECURSION = YES;
				CLANG_WARN_INT_CONVERSION = YES;
				CLANG_WARN_NON_LITERAL_NULL_CONVERSION = YES;
				CLANG_WARN_OBJC_IMPLICIT_RETAIN_SELF = YES;
				CLANG_WARN_OBJC_LITERAL_CONVERSION = YES;
				CLANG_WARN_OBJC_ROOT_CLASS = YES_ERROR;
				CLANG_WARN_QUOTED_INCLUDE_IN_FRAMEWORK_HEADER = YES;
				CLANG_WARN_RANGE_LOOP_ANALYSIS = YES;
				CLANG_WARN_STRICT_PROTOTYPES = YES;
				CLANG_WARN_SUSPICIOUS_MOVE = YES;
				CLANG_WARN_UNGUARDED_AVAILABILITY = YES_AGGRESSIVE;
				CLANG_WARN_UNREACHABLE_CODE = YES;
				CLANG_WARN__DUPLICATE_METHOD_MATCH = YES;
				COPY_PHASE_STRIP = NO;
				DEBUG_INFORMATION_FORMAT = dwarf;
				ENABLE_STRICT_OBJC_MSGSEND = YES;
				ENABLE_TESTABILITY = YES;
				GCC_C_LANGUAGE_STANDARD = gnu11;
				GCC_DYNAMIC_NO_PIC = NO;
				GCC_NO_COMMON_BLOCKS = YES;
				GCC_OPTIMIZATION_LEVEL = 0;
				GCC_PREPROCESSOR_DEFINITIONS = (
					"DEBUG=1",
					"$(inherited)",
				);
				GCC_WARN_64_TO_32_BIT_CONVERSION = YES;
				GCC_WARN_ABOUT_RETURN_TYPE = YES_ERROR;
				GCC_WARN_UNDECLARED_SELECTOR = YES;
				GCC_WARN_UNINITIALIZED_AUTOS = YES_AGGRESSIVE;
				GCC_WARN_UNUSED_FUNCTION = YES;
				GCC_WARN_UNUSED_VARIABLE = YES;
				IPHONEOS_DEPLOYMENT_TARGET = 16.0;
				MTL_ENABLE_DEBUG_INFO = INCLUDE_SOURCE;
				MTL_FAST_MATH = YES;
				ONLY_ACTIVE_ARCH = YES;
				SDKROOT = iphoneos;
				SWIFT_ACTIVE_COMPILATION_CONDITIONS = DEBUG;
				SWIFT_OPTIMIZATION_LEVEL = "-Onone";
			};
			name = Debug;
		};
		2569BBB32976DB2600847AB3 /* Release */ = {
			isa = XCBuildConfiguration;
			buildSettings = {
				ALWAYS_SEARCH_USER_PATHS = NO;
				CLANG_ANALYZER_NONNULL = YES;
				CLANG_ANALYZER_NUMBER_OBJECT_CONVERSION = YES_AGGRESSIVE;
				CLANG_CXX_LANGUAGE_STANDARD = "gnu++20";
				CLANG_ENABLE_MODULES = YES;
				CLANG_ENABLE_OBJC_ARC = YES;
				CLANG_ENABLE_OBJC_WEAK = YES;
				CLANG_WARN_BLOCK_CAPTURE_AUTORELEASING = YES;
				CLANG_WARN_BOOL_CONVERSION = YES;
				CLANG_WARN_COMMA = YES;
				CLANG_WARN_CONSTANT_CONVERSION = YES;
				CLANG_WARN_DEPRECATED_OBJC_IMPLEMENTATIONS = YES;
				CLANG_WARN_DIRECT_OBJC_ISA_USAGE = YES_ERROR;
				CLANG_WARN_DOCUMENTATION_COMMENTS = YES;
				CLANG_WARN_EMPTY_BODY = YES;
				CLANG_WARN_ENUM_CONVERSION = YES;
				CLANG_WARN_INFINITE_RECURSION = YES;
				CLANG_WARN_INT_CONVERSION = YES;
				CLANG_WARN_NON_LITERAL_NULL_CONVERSION = YES;
				CLANG_WARN_OBJC_IMPLICIT_RETAIN_SELF = YES;
				CLANG_WARN_OBJC_LITERAL_CONVERSION = YES;
				CLANG_WARN_OBJC_ROOT_CLASS = YES_ERROR;
				CLANG_WARN_QUOTED_INCLUDE_IN_FRAMEWORK_HEADER = YES;
				CLANG_WARN_RANGE_LOOP_ANALYSIS = YES;
				CLANG_WARN_STRICT_PROTOTYPES = YES;
				CLANG_WARN_SUSPICIOUS_MOVE = YES;
				CLANG_WARN_UNGUARDED_AVAILABILITY = YES_AGGRESSIVE;
				CLANG_WARN_UNREACHABLE_CODE = YES;
				CLANG_WARN__DUPLICATE_METHOD_MATCH = YES;
				COPY_PHASE_STRIP = NO;
				DEBUG_INFORMATION_FORMAT = "dwarf-with-dsym";
				ENABLE_NS_ASSERTIONS = NO;
				ENABLE_STRICT_OBJC_MSGSEND = YES;
				GCC_C_LANGUAGE_STANDARD = gnu11;
				GCC_NO_COMMON_BLOCKS = YES;
				GCC_WARN_64_TO_32_BIT_CONVERSION = YES;
				GCC_WARN_ABOUT_RETURN_TYPE = YES_ERROR;
				GCC_WARN_UNDECLARED_SELECTOR = YES;
				GCC_WARN_UNINITIALIZED_AUTOS = YES_AGGRESSIVE;
				GCC_WARN_UNUSED_FUNCTION = YES;
				GCC_WARN_UNUSED_VARIABLE = YES;
				IPHONEOS_DEPLOYMENT_TARGET = 16.0;
				MTL_ENABLE_DEBUG_INFO = NO;
				MTL_FAST_MATH = YES;
				SDKROOT = iphoneos;
				SWIFT_COMPILATION_MODE = wholemodule;
				SWIFT_OPTIMIZATION_LEVEL = "-O";
				VALIDATE_PRODUCT = YES;
			};
			name = Release;
		};
		2569BBB52976DB2600847AB3 /* Debug */ = {
			isa = XCBuildConfiguration;
			buildSettings = {
				ASSETCATALOG_COMPILER_APPICON_NAME = AppIcon;
				ASSETCATALOG_COMPILER_GLOBAL_ACCENT_COLOR_NAME = AccentColor;
				CODE_SIGN_STYLE = Automatic;
				CURRENT_PROJECT_VERSION = 1;
				DEVELOPMENT_TEAM = 2B36LRLM7A;
				GENERATE_INFOPLIST_FILE = YES;
				INFOPLIST_FILE = GameProject/Info.plist;
				INFOPLIST_KEY_UIApplicationSupportsIndirectInputEvents = YES;
				INFOPLIST_KEY_UILaunchStoryboardName = LaunchScreen.storyboard;
				INFOPLIST_KEY_UISupportedInterfaceOrientations_iPad = "UIInterfaceOrientationPortrait UIInterfaceOrientationPortraitUpsideDown UIInterfaceOrientationLandscapeLeft UIInterfaceOrientationLandscapeRight";
				INFOPLIST_KEY_UISupportedInterfaceOrientations_iPhone = "UIInterfaceOrientationPortrait UIInterfaceOrientationLandscapeLeft UIInterfaceOrientationLandscapeRight";
				LD_RUNPATH_SEARCH_PATHS = (
					"$(inherited)",
					"@executable_path/Frameworks",
				);
				MARKETING_VERSION = 1.0;
				PRODUCT_BUNDLE_IDENTIFIER = com.emrecanduygulu.GameProject;
				PRODUCT_NAME = "$(TARGET_NAME)";
				SWIFT_EMIT_LOC_STRINGS = YES;
				SWIFT_VERSION = 5.0;
				TARGETED_DEVICE_FAMILY = "1,2";
			};
			name = Debug;
		};
		2569BBB62976DB2600847AB3 /* Release */ = {
			isa = XCBuildConfiguration;
			buildSettings = {
				ASSETCATALOG_COMPILER_APPICON_NAME = AppIcon;
				ASSETCATALOG_COMPILER_GLOBAL_ACCENT_COLOR_NAME = AccentColor;
				CODE_SIGN_STYLE = Automatic;
				CURRENT_PROJECT_VERSION = 1;
				DEVELOPMENT_TEAM = 2B36LRLM7A;
				GENERATE_INFOPLIST_FILE = YES;
				INFOPLIST_FILE = GameProject/Info.plist;
				INFOPLIST_KEY_UIApplicationSupportsIndirectInputEvents = YES;
				INFOPLIST_KEY_UILaunchStoryboardName = LaunchScreen.storyboard;
				INFOPLIST_KEY_UISupportedInterfaceOrientations_iPad = "UIInterfaceOrientationPortrait UIInterfaceOrientationPortraitUpsideDown UIInterfaceOrientationLandscapeLeft UIInterfaceOrientationLandscapeRight";
				INFOPLIST_KEY_UISupportedInterfaceOrientations_iPhone = "UIInterfaceOrientationPortrait UIInterfaceOrientationLandscapeLeft UIInterfaceOrientationLandscapeRight";
				LD_RUNPATH_SEARCH_PATHS = (
					"$(inherited)",
					"@executable_path/Frameworks",
				);
				MARKETING_VERSION = 1.0;
				PRODUCT_BUNDLE_IDENTIFIER = com.emrecanduygulu.GameProject;
				PRODUCT_NAME = "$(TARGET_NAME)";
				SWIFT_EMIT_LOC_STRINGS = YES;
				SWIFT_VERSION = 5.0;
				TARGETED_DEVICE_FAMILY = "1,2";
			};
			name = Release;
		};
/* End XCBuildConfiguration section */

/* Begin XCConfigurationList section */
		2569BB982976DB2400847AB3 /* Build configuration list for PBXProject "GameProject" */ = {
			isa = XCConfigurationList;
			buildConfigurations = (
				2569BBB22976DB2600847AB3 /* Debug */,
				2569BBB32976DB2600847AB3 /* Release */,
			);
			defaultConfigurationIsVisible = 0;
			defaultConfigurationName = Release;
		};
		2569BBB42976DB2600847AB3 /* Build configuration list for PBXNativeTarget "GameProject" */ = {
			isa = XCConfigurationList;
			buildConfigurations = (
				2569BBB52976DB2600847AB3 /* Debug */,
				2569BBB62976DB2600847AB3 /* Release */,
			);
			defaultConfigurationIsVisible = 0;
			defaultConfigurationName = Release;
		};
/* End XCConfigurationList section */

/* Begin XCVersionGroup section */
		2569BBA92976DB2400847AB3 /* GameProject.xcdatamodeld */ = {
			isa = XCVersionGroup;
			children = (
				2569BBAA2976DB2400847AB3 /* GameProject.xcdatamodel */,
			);
			currentVersion = 2569BBAA2976DB2400847AB3 /* GameProject.xcdatamodel */;
			path = GameProject.xcdatamodeld;
			sourceTree = "<group>";
			versionGroupType = wrapper.xcdatamodel;
		};
/* End XCVersionGroup section */
	};
	rootObject = 2569BB952976DB2400847AB3 /* Project object */;
}
